// !$*UTF8*$!
{
	archiveVersion = 1;
	classes = {
	};
	objectVersion = 50;
	objects = {

/* Begin PBXBuildFile section */
		65144309232CBEA300931300 /* FeedViewController.swift in Sources */ = {isa = PBXBuildFile; fileRef = 65144308232CBEA300931300 /* FeedViewController.swift */; };
		6514430E232CC12400931300 /* SessionSummaryViewController.swift in Sources */ = {isa = PBXBuildFile; fileRef = 6514430D232CC12400931300 /* SessionSummaryViewController.swift */; };
		65144312232CC4A900931300 /* BenchMarkCollectionViewCell.swift in Sources */ = {isa = PBXBuildFile; fileRef = 65144310232CC4A900931300 /* BenchMarkCollectionViewCell.swift */; };
		65144313232CC4A900931300 /* BenchMarkCollectionViewCell.xib in Resources */ = {isa = PBXBuildFile; fileRef = 65144311232CC4A900931300 /* BenchMarkCollectionViewCell.xib */; };
		65159E182318D49100B5E514 /* UIView.swift in Sources */ = {isa = PBXBuildFile; fileRef = 65159E172318D49100B5E514 /* UIView.swift */; };
		65159E1B2318D64000B5E514 /* NibLoadable.swift in Sources */ = {isa = PBXBuildFile; fileRef = 65159E1A2318D64000B5E514 /* NibLoadable.swift */; };
		651B84EE23163E3900FF6119 /* AppDelegate.swift in Sources */ = {isa = PBXBuildFile; fileRef = 651B84ED23163E3900FF6119 /* AppDelegate.swift */; };
		651B84F023163E3900FF6119 /* ProfileViewController.swift in Sources */ = {isa = PBXBuildFile; fileRef = 651B84EF23163E3900FF6119 /* ProfileViewController.swift */; };
		651B84F323163E3900FF6119 /* Main.storyboard in Resources */ = {isa = PBXBuildFile; fileRef = 651B84F123163E3900FF6119 /* Main.storyboard */; };
		651B84F523163E3A00FF6119 /* Assets.xcassets in Resources */ = {isa = PBXBuildFile; fileRef = 651B84F423163E3A00FF6119 /* Assets.xcassets */; };
		651B84F823163E3A00FF6119 /* LaunchScreen.storyboard in Resources */ = {isa = PBXBuildFile; fileRef = 651B84F623163E3A00FF6119 /* LaunchScreen.storyboard */; };
		651B8501231648E100FF6119 /* RoundedButton.swift in Sources */ = {isa = PBXBuildFile; fileRef = 651B8500231648E000FF6119 /* RoundedButton.swift */; };
		651B850423164F4000FF6119 /* Detail.storyboard in Resources */ = {isa = PBXBuildFile; fileRef = 651B850223164F4000FF6119 /* Detail.storyboard */; };
		651B85062316502300FF6119 /* UserCard.swift in Sources */ = {isa = PBXBuildFile; fileRef = 651B85052316502300FF6119 /* UserCard.swift */; };
		651B85092316504400FF6119 /* UserCard.xib in Resources */ = {isa = PBXBuildFile; fileRef = 651B85082316504400FF6119 /* UserCard.xib */; };
		65274C1F234AFBDD003598EE /* SuffixSequence.swift in Sources */ = {isa = PBXBuildFile; fileRef = 65274C1E234AFBDD003598EE /* SuffixSequence.swift */; };
		653B81822383F36F00325F40 /* StringGenerator.swift in Sources */ = {isa = PBXBuildFile; fileRef = 653B81812383F36F00325F40 /* StringGenerator.swift */; };
		65444A2C23436476006004DA /* AlgoProvider.swift in Sources */ = {isa = PBXBuildFile; fileRef = 65444A2B23436476006004DA /* AlgoProvider.swift */; };
		654AE86F233A4C5700B9C3DE /* CATransaction.swift in Sources */ = {isa = PBXBuildFile; fileRef = 654AE86C233A4C5700B9C3DE /* CATransaction.swift */; };
		654AE870233A4C5700B9C3DE /* CGRect.swift in Sources */ = {isa = PBXBuildFile; fileRef = 654AE86D233A4C5700B9C3DE /* CGRect.swift */; };
		654AE871233A4C5700B9C3DE /* CGpoint.swift in Sources */ = {isa = PBXBuildFile; fileRef = 654AE86E233A4C5700B9C3DE /* CGpoint.swift */; };
		654AE875233A4CA200B9C3DE /* SegmentLayer.swift in Sources */ = {isa = PBXBuildFile; fileRef = 654AE873233A4CA200B9C3DE /* SegmentLayer.swift */; };
		654AE876233A4CA200B9C3DE /* PieChartView.swift in Sources */ = {isa = PBXBuildFile; fileRef = 654AE874233A4CA200B9C3DE /* PieChartView.swift */; };
		65658586232D554000E6547D /* BenchMarkViewModel.swift in Sources */ = {isa = PBXBuildFile; fileRef = 65658585232D554000E6547D /* BenchMarkViewModel.swift */; };
		6565858A232D5E0C00E6547D /* SomeLayout.swift in Sources */ = {isa = PBXBuildFile; fileRef = 65658589232D5E0C00E6547D /* SomeLayout.swift */; };
		6565858C232D63D800E6547D /* ListLayout.swift in Sources */ = {isa = PBXBuildFile; fileRef = 6565858B232D63D800E6547D /* ListLayout.swift */; };
		656BF4942323E77E00B6DCA3 /* ViewControllerLifecycleBehavior.swift in Sources */ = {isa = PBXBuildFile; fileRef = 656BF4932323E77E00B6DCA3 /* ViewControllerLifecycleBehavior.swift */; };
		656BF4992323EBDA00B6DCA3 /* RunTimerBehavior.swift in Sources */ = {isa = PBXBuildFile; fileRef = 656BF4982323EBDA00B6DCA3 /* RunTimerBehavior.swift */; };
		656BF49B2323EC5A00B6DCA3 /* BenchmarkViewController.swift in Sources */ = {isa = PBXBuildFile; fileRef = 656BF49A2323EC5A00B6DCA3 /* BenchmarkViewController.swift */; };
		656BF49D2323F5F500B6DCA3 /* NightModeBehavior.swift in Sources */ = {isa = PBXBuildFile; fileRef = 656BF49C2323F5F500B6DCA3 /* NightModeBehavior.swift */; };
		656BF49F2323FF1500B6DCA3 /* TabController.swift in Sources */ = {isa = PBXBuildFile; fileRef = 656BF49E2323FF1500B6DCA3 /* TabController.swift */; };
		656BF4A12324051E00B6DCA3 /* UIApplication.swift in Sources */ = {isa = PBXBuildFile; fileRef = 656BF4A02324051E00B6DCA3 /* UIApplication.swift */; };
		656BF4A3232407FE00B6DCA3 /* ThirdViewController.swift in Sources */ = {isa = PBXBuildFile; fileRef = 656BF4A2232407FE00B6DCA3 /* ThirdViewController.swift */; };
		65EE6C8E234B2E3F00F99BF7 /* FeedDataProvider.swift in Sources */ = {isa = PBXBuildFile; fileRef = 65EE6C8C234B2E3E00F99BF7 /* FeedDataProvider.swift */; };
		65EE6C8F234B2E3F00F99BF7 /* FeedData.swift in Sources */ = {isa = PBXBuildFile; fileRef = 65EE6C8D234B2E3E00F99BF7 /* FeedData.swift */; };
		65EE6C91234B2E9600F99BF7 /* FeedViewModel.swift in Sources */ = {isa = PBXBuildFile; fileRef = 65EE6C90234B2E9600F99BF7 /* FeedViewModel.swift */; };
		65EE6C9C234B30F300F99BF7 /* Profiler.swift in Sources */ = {isa = PBXBuildFile; fileRef = 65EE6C9B234B30F300F99BF7 /* Profiler.swift */; };
		65EE6CA2234B313300F99BF7 /* ArrayViewController.swift in Sources */ = {isa = PBXBuildFile; fileRef = 65EE6C9E234B313300F99BF7 /* ArrayViewController.swift */; };
		65EE6CA5234B313300F99BF7 /* DataStructuresViewController.swift in Sources */ = {isa = PBXBuildFile; fileRef = 65EE6CA1234B313300F99BF7 /* DataStructuresViewController.swift */; };
		65EE6CB2234B315F00F99BF7 /* ArrayManipulator.swift in Sources */ = {isa = PBXBuildFile; fileRef = 65EE6CA9234B315F00F99BF7 /* ArrayManipulator.swift */; };
		65EE6CB3234B315F00F99BF7 /* SwiftArrayManipulator.swift in Sources */ = {isa = PBXBuildFile; fileRef = 65EE6CAA234B315F00F99BF7 /* SwiftArrayManipulator.swift */; };
		65EE6CBA234B31C300F99BF7 /* DataStructures.storyboard in Resources */ = {isa = PBXBuildFile; fileRef = 65EE6CB9234B31C300F99BF7 /* DataStructures.storyboard */; };
/* End PBXBuildFile section */

/* Begin PBXFileReference section */
		65144308232CBEA300931300 /* FeedViewController.swift */ = {isa = PBXFileReference; lastKnownFileType = sourcecode.swift; path = FeedViewController.swift; sourceTree = "<group>"; };
		6514430D232CC12400931300 /* SessionSummaryViewController.swift */ = {isa = PBXFileReference; lastKnownFileType = sourcecode.swift; path = SessionSummaryViewController.swift; sourceTree = "<group>"; };
		65144310232CC4A900931300 /* BenchMarkCollectionViewCell.swift */ = {isa = PBXFileReference; lastKnownFileType = sourcecode.swift; path = BenchMarkCollectionViewCell.swift; sourceTree = "<group>"; };
		65144311232CC4A900931300 /* BenchMarkCollectionViewCell.xib */ = {isa = PBXFileReference; lastKnownFileType = file.xib; path = BenchMarkCollectionViewCell.xib; sourceTree = "<group>"; };
		65159E172318D49100B5E514 /* UIView.swift */ = {isa = PBXFileReference; lastKnownFileType = sourcecode.swift; path = UIView.swift; sourceTree = "<group>"; };
		65159E1A2318D64000B5E514 /* NibLoadable.swift */ = {isa = PBXFileReference; lastKnownFileType = sourcecode.swift; path = NibLoadable.swift; sourceTree = "<group>"; };
		651B84EA23163E3900FF6119 /* HomeworkStoryboard.app */ = {isa = PBXFileReference; explicitFileType = wrapper.application; includeInIndex = 0; path = HomeworkStoryboard.app; sourceTree = BUILT_PRODUCTS_DIR; };
		651B84ED23163E3900FF6119 /* AppDelegate.swift */ = {isa = PBXFileReference; lastKnownFileType = sourcecode.swift; path = AppDelegate.swift; sourceTree = "<group>"; };
		651B84EF23163E3900FF6119 /* ProfileViewController.swift */ = {isa = PBXFileReference; lastKnownFileType = sourcecode.swift; path = ProfileViewController.swift; sourceTree = "<group>"; };
		651B84F223163E3900FF6119 /* Base */ = {isa = PBXFileReference; lastKnownFileType = file.storyboard; name = Base; path = Base.lproj/Main.storyboard; sourceTree = "<group>"; };
		651B84F423163E3A00FF6119 /* Assets.xcassets */ = {isa = PBXFileReference; lastKnownFileType = folder.assetcatalog; path = Assets.xcassets; sourceTree = "<group>"; };
		651B84F723163E3A00FF6119 /* Base */ = {isa = PBXFileReference; lastKnownFileType = file.storyboard; name = Base; path = Base.lproj/LaunchScreen.storyboard; sourceTree = "<group>"; };
		651B84F923163E3A00FF6119 /* Info.plist */ = {isa = PBXFileReference; lastKnownFileType = text.plist.xml; path = Info.plist; sourceTree = "<group>"; };
		651B8500231648E000FF6119 /* RoundedButton.swift */ = {isa = PBXFileReference; lastKnownFileType = sourcecode.swift; path = RoundedButton.swift; sourceTree = "<group>"; };
		651B850323164F4000FF6119 /* Base */ = {isa = PBXFileReference; lastKnownFileType = file.storyboard; name = Base; path = HomeworkStoryboard/Base.lproj/Detail.storyboard; sourceTree = "<group>"; };
		651B85052316502300FF6119 /* UserCard.swift */ = {isa = PBXFileReference; lastKnownFileType = sourcecode.swift; name = UserCard.swift; path = ../UserCard.swift; sourceTree = "<group>"; };
		651B85082316504400FF6119 /* UserCard.xib */ = {isa = PBXFileReference; lastKnownFileType = file.xib; path = UserCard.xib; sourceTree = "<group>"; };
		65274C1E234AFBDD003598EE /* SuffixSequence.swift */ = {isa = PBXFileReference; lastKnownFileType = sourcecode.swift; path = SuffixSequence.swift; sourceTree = "<group>"; };
		653B81812383F36F00325F40 /* StringGenerator.swift */ = {isa = PBXFileReference; lastKnownFileType = sourcecode.swift; path = StringGenerator.swift; sourceTree = "<group>"; };
		65444A2B23436476006004DA /* AlgoProvider.swift */ = {isa = PBXFileReference; fileEncoding = 4; lastKnownFileType = sourcecode.swift; path = AlgoProvider.swift; sourceTree = "<group>"; };
		654AE86C233A4C5700B9C3DE /* CATransaction.swift */ = {isa = PBXFileReference; fileEncoding = 4; lastKnownFileType = sourcecode.swift; path = CATransaction.swift; sourceTree = "<group>"; };
		654AE86D233A4C5700B9C3DE /* CGRect.swift */ = {isa = PBXFileReference; fileEncoding = 4; lastKnownFileType = sourcecode.swift; path = CGRect.swift; sourceTree = "<group>"; };
		654AE86E233A4C5700B9C3DE /* CGpoint.swift */ = {isa = PBXFileReference; fileEncoding = 4; lastKnownFileType = sourcecode.swift; path = CGpoint.swift; sourceTree = "<group>"; };
		654AE873233A4CA200B9C3DE /* SegmentLayer.swift */ = {isa = PBXFileReference; fileEncoding = 4; lastKnownFileType = sourcecode.swift; path = SegmentLayer.swift; sourceTree = "<group>"; };
		654AE874233A4CA200B9C3DE /* PieChartView.swift */ = {isa = PBXFileReference; fileEncoding = 4; lastKnownFileType = sourcecode.swift; path = PieChartView.swift; sourceTree = "<group>"; };
		65658585232D554000E6547D /* BenchMarkViewModel.swift */ = {isa = PBXFileReference; lastKnownFileType = sourcecode.swift; path = BenchMarkViewModel.swift; sourceTree = "<group>"; };
		65658589232D5E0C00E6547D /* SomeLayout.swift */ = {isa = PBXFileReference; lastKnownFileType = sourcecode.swift; path = SomeLayout.swift; sourceTree = "<group>"; };
		6565858B232D63D800E6547D /* ListLayout.swift */ = {isa = PBXFileReference; lastKnownFileType = sourcecode.swift; path = ListLayout.swift; sourceTree = "<group>"; };
		656BF4932323E77E00B6DCA3 /* ViewControllerLifecycleBehavior.swift */ = {isa = PBXFileReference; fileEncoding = 4; lastKnownFileType = sourcecode.swift; path = ViewControllerLifecycleBehavior.swift; sourceTree = "<group>"; };
		656BF4982323EBDA00B6DCA3 /* RunTimerBehavior.swift */ = {isa = PBXFileReference; lastKnownFileType = sourcecode.swift; path = RunTimerBehavior.swift; sourceTree = "<group>"; };
		656BF49A2323EC5A00B6DCA3 /* BenchmarkViewController.swift */ = {isa = PBXFileReference; lastKnownFileType = sourcecode.swift; path = BenchmarkViewController.swift; sourceTree = "<group>"; };
		656BF49C2323F5F500B6DCA3 /* NightModeBehavior.swift */ = {isa = PBXFileReference; lastKnownFileType = sourcecode.swift; path = NightModeBehavior.swift; sourceTree = "<group>"; };
		656BF49E2323FF1500B6DCA3 /* TabController.swift */ = {isa = PBXFileReference; lastKnownFileType = sourcecode.swift; path = TabController.swift; sourceTree = "<group>"; };
		656BF4A02324051E00B6DCA3 /* UIApplication.swift */ = {isa = PBXFileReference; lastKnownFileType = sourcecode.swift; path = UIApplication.swift; sourceTree = "<group>"; };
		656BF4A2232407FE00B6DCA3 /* ThirdViewController.swift */ = {isa = PBXFileReference; lastKnownFileType = sourcecode.swift; path = ThirdViewController.swift; sourceTree = "<group>"; };
		65EE6C8C234B2E3E00F99BF7 /* FeedDataProvider.swift */ = {isa = PBXFileReference; fileEncoding = 4; lastKnownFileType = sourcecode.swift; path = FeedDataProvider.swift; sourceTree = "<group>"; };
		65EE6C8D234B2E3E00F99BF7 /* FeedData.swift */ = {isa = PBXFileReference; fileEncoding = 4; lastKnownFileType = sourcecode.swift; path = FeedData.swift; sourceTree = "<group>"; };
		65EE6C90234B2E9600F99BF7 /* FeedViewModel.swift */ = {isa = PBXFileReference; lastKnownFileType = sourcecode.swift; path = FeedViewModel.swift; sourceTree = "<group>"; };
		65EE6C9B234B30F300F99BF7 /* Profiler.swift */ = {isa = PBXFileReference; fileEncoding = 4; lastKnownFileType = sourcecode.swift; path = Profiler.swift; sourceTree = "<group>"; };
		65EE6C9E234B313300F99BF7 /* ArrayViewController.swift */ = {isa = PBXFileReference; fileEncoding = 4; lastKnownFileType = sourcecode.swift; path = ArrayViewController.swift; sourceTree = "<group>"; };
		65EE6CA1234B313300F99BF7 /* DataStructuresViewController.swift */ = {isa = PBXFileReference; fileEncoding = 4; lastKnownFileType = sourcecode.swift; path = DataStructuresViewController.swift; sourceTree = "<group>"; };
		65EE6CA9234B315F00F99BF7 /* ArrayManipulator.swift */ = {isa = PBXFileReference; fileEncoding = 4; lastKnownFileType = sourcecode.swift; path = ArrayManipulator.swift; sourceTree = "<group>"; };
		65EE6CAA234B315F00F99BF7 /* SwiftArrayManipulator.swift */ = {isa = PBXFileReference; fileEncoding = 4; lastKnownFileType = sourcecode.swift; path = SwiftArrayManipulator.swift; sourceTree = "<group>"; };
		65EE6CB9234B31C300F99BF7 /* DataStructures.storyboard */ = {isa = PBXFileReference; fileEncoding = 4; lastKnownFileType = file.storyboard; path = DataStructures.storyboard; sourceTree = "<group>"; };
/* End PBXFileReference section */

/* Begin PBXFrameworksBuildPhase section */
		651B84E723163E3900FF6119 /* Frameworks */ = {
			isa = PBXFrameworksBuildPhase;
			buildActionMask = 2147483647;
			files = (
			);
			runOnlyForDeploymentPostprocessing = 0;
		};
/* End PBXFrameworksBuildPhase section */

/* Begin PBXGroup section */
		65144307232CBE8E00931300 /* Feed */ = {
			isa = PBXGroup;
			children = (
				65EE6C8B234B2E3E00F99BF7 /* Models */,
				65144308232CBEA300931300 /* FeedViewController.swift */,
				65EE6C90234B2E9600F99BF7 /* FeedViewModel.swift */,
			);
			path = Feed;
			sourceTree = "<group>";
		};
		6514430C232CC10E00931300 /* SessionSummary */ = {
			isa = PBXGroup;
			children = (
				6514430D232CC12400931300 /* SessionSummaryViewController.swift */,
			);
			path = SessionSummary;
			sourceTree = "<group>";
		};
		6514430F232CC45000931300 /* BenchMark */ = {
			isa = PBXGroup;
			children = (
				656BF49A2323EC5A00B6DCA3 /* BenchmarkViewController.swift */,
				65144310232CC4A900931300 /* BenchMarkCollectionViewCell.swift */,
				65144311232CC4A900931300 /* BenchMarkCollectionViewCell.xib */,
				65658585232D554000E6547D /* BenchMarkViewModel.swift */,
			);
			path = BenchMark;
			sourceTree = "<group>";
		};
		65159E162318D47F00B5E514 /* Extensions */ = {
			isa = PBXGroup;
			children = (
				65159E172318D49100B5E514 /* UIView.swift */,
				656BF49E2323FF1500B6DCA3 /* TabController.swift */,
				656BF4A02324051E00B6DCA3 /* UIApplication.swift */,
				654AE86C233A4C5700B9C3DE /* CATransaction.swift */,
				654AE86D233A4C5700B9C3DE /* CGRect.swift */,
				654AE86E233A4C5700B9C3DE /* CGpoint.swift */,
			);
			path = Extensions;
			sourceTree = "<group>";
		};
		65159E192318D62200B5E514 /* Protocols */ = {
			isa = PBXGroup;
			children = (
				65159E1A2318D64000B5E514 /* NibLoadable.swift */,
			);
			path = Protocols;
			sourceTree = "<group>";
		};
		651B84E123163E3900FF6119 = {
			isa = PBXGroup;
			children = (
				651B84EC23163E3900FF6119 /* HomeworkStoryboard */,
				651B84EB23163E3900FF6119 /* Products */,
			);
			sourceTree = "<group>";
		};
		651B84EB23163E3900FF6119 /* Products */ = {
			isa = PBXGroup;
			children = (
				651B84EA23163E3900FF6119 /* HomeworkStoryboard.app */,
			);
			name = Products;
			sourceTree = "<group>";
		};
		651B84EC23163E3900FF6119 /* HomeworkStoryboard */ = {
			isa = PBXGroup;
			children = (
				65444A2A23436467006004DA /* Services */,
				656BF4952323E78B00B6DCA3 /* Utils */,
				65159E192318D62200B5E514 /* Protocols */,
				65159E162318D47F00B5E514 /* Extensions */,
				651B84FF231648B900FF6119 /* CustomViews */,
				651B84ED23163E3900FF6119 /* AppDelegate.swift */,
				656BF4972323E84B00B6DCA3 /* ViewControllers */,
				651B850223164F4000FF6119 /* Detail.storyboard */,
				65EE6CB9234B31C300F99BF7 /* DataStructures.storyboard */,
				651B84F123163E3900FF6119 /* Main.storyboard */,
				651B84F423163E3A00FF6119 /* Assets.xcassets */,
				651B84F623163E3A00FF6119 /* LaunchScreen.storyboard */,
				651B84F923163E3A00FF6119 /* Info.plist */,
			);
			path = HomeworkStoryboard;
			sourceTree = "<group>";
		};
		651B84FF231648B900FF6119 /* CustomViews */ = {
			isa = PBXGroup;
			children = (
				654AE872233A4C6900B9C3DE /* PieChart */,
				651B8500231648E000FF6119 /* RoundedButton.swift */,
				651B85072316503100FF6119 /* UserCard */,
			);
			path = CustomViews;
			sourceTree = "<group>";
		};
		651B85072316503100FF6119 /* UserCard */ = {
			isa = PBXGroup;
			children = (
				651B85052316502300FF6119 /* UserCard.swift */,
				651B85082316504400FF6119 /* UserCard.xib */,
			);
			path = UserCard;
			sourceTree = "<group>";
		};
		65274C1D234AFB4B003598EE /* Sequences */ = {
			isa = PBXGroup;
			children = (
				65274C1E234AFBDD003598EE /* SuffixSequence.swift */,
			);
			path = Sequences;
			sourceTree = "<group>";
		};
		65444A2A23436467006004DA /* Services */ = {
			isa = PBXGroup;
			children = (
				65444A2B23436476006004DA /* AlgoProvider.swift */,
			);
			path = Services;
			sourceTree = "<group>";
		};
		654AE872233A4C6900B9C3DE /* PieChart */ = {
			isa = PBXGroup;
			children = (
				654AE874233A4CA200B9C3DE /* PieChartView.swift */,
				654AE873233A4CA200B9C3DE /* SegmentLayer.swift */,
			);
			path = PieChart;
			sourceTree = "<group>";
		};
		65658588232D5DFB00E6547D /* Layouts */ = {
			isa = PBXGroup;
			children = (
				65658589232D5E0C00E6547D /* SomeLayout.swift */,
				6565858B232D63D800E6547D /* ListLayout.swift */,
			);
			path = Layouts;
			sourceTree = "<group>";
		};
		656BF4952323E78B00B6DCA3 /* Utils */ = {
			isa = PBXGroup;
			children = (
				65EE6CA6234B314300F99BF7 /* Profiler */,
				65274C1D234AFB4B003598EE /* Sequences */,
				65658588232D5DFB00E6547D /* Layouts */,
				656BF4962323E79D00B6DCA3 /* Behavior */,
			);
			path = Utils;
			sourceTree = "<group>";
		};
		656BF4962323E79D00B6DCA3 /* Behavior */ = {
			isa = PBXGroup;
			children = (
				656BF4932323E77E00B6DCA3 /* ViewControllerLifecycleBehavior.swift */,
				656BF4982323EBDA00B6DCA3 /* RunTimerBehavior.swift */,
				656BF49C2323F5F500B6DCA3 /* NightModeBehavior.swift */,
			);
			path = Behavior;
			sourceTree = "<group>";
		};
		656BF4972323E84B00B6DCA3 /* ViewControllers */ = {
			isa = PBXGroup;
			children = (
				65EE6C9D234B313300F99BF7 /* DataStructures */,
				6514430C232CC10E00931300 /* SessionSummary */,
				65144307232CBE8E00931300 /* Feed */,
				651B84EF23163E3900FF6119 /* ProfileViewController.swift */,
				6514430F232CC45000931300 /* BenchMark */,
				656BF4A2232407FE00B6DCA3 /* ThirdViewController.swift */,
			);
			path = ViewControllers;
			sourceTree = "<group>";
		};
		65EE6C8B234B2E3E00F99BF7 /* Models */ = {
			isa = PBXGroup;
			children = (
				65EE6C8C234B2E3E00F99BF7 /* FeedDataProvider.swift */,
				65EE6C8D234B2E3E00F99BF7 /* FeedData.swift */,
			);
			path = Models;
			sourceTree = "<group>";
		};
		65EE6C9D234B313300F99BF7 /* DataStructures */ = {
			isa = PBXGroup;
			children = (
				65EE6C9E234B313300F99BF7 /* ArrayViewController.swift */,
				65EE6CA1234B313300F99BF7 /* DataStructuresViewController.swift */,
			);
			path = DataStructures;
			sourceTree = "<group>";
		};
		65EE6CA6234B314300F99BF7 /* Profiler */ = {
			isa = PBXGroup;
			children = (
				65EE6CA7234B315F00F99BF7 /* DataStructures */,
				65EE6C9B234B30F300F99BF7 /* Profiler.swift */,
				653B81812383F36F00325F40 /* StringGenerator.swift */,
			);
			path = Profiler;
			sourceTree = "<group>";
		};
		65EE6CA7234B315F00F99BF7 /* DataStructures */ = {
			isa = PBXGroup;
			children = (
				65EE6CA8234B315F00F99BF7 /* Array */,
			);
			name = DataStructures;
			path = ../../../../../../../Downloads/DataStructuresProfiling/DataStructuresProfiling/Modules/Feed/Profiler/DataStructures;
			sourceTree = "<group>";
		};
		65EE6CA8234B315F00F99BF7 /* Array */ = {
			isa = PBXGroup;
			children = (
				65EE6CA9234B315F00F99BF7 /* ArrayManipulator.swift */,
				65EE6CAA234B315F00F99BF7 /* SwiftArrayManipulator.swift */,
			);
			path = Array;
			sourceTree = "<group>";
		};
/* End PBXGroup section */

/* Begin PBXNativeTarget section */
		651B84E923163E3900FF6119 /* HomeworkStoryboard */ = {
			isa = PBXNativeTarget;
			buildConfigurationList = 651B84FC23163E3A00FF6119 /* Build configuration list for PBXNativeTarget "HomeworkStoryboard" */;
			buildPhases = (
				651B84E623163E3900FF6119 /* Sources */,
				651B84E723163E3900FF6119 /* Frameworks */,
				651B84E823163E3900FF6119 /* Resources */,
			);
			buildRules = (
			);
			dependencies = (
			);
			name = HomeworkStoryboard;
			productName = HomeworkStoryboard;
			productReference = 651B84EA23163E3900FF6119 /* HomeworkStoryboard.app */;
			productType = "com.apple.product-type.application";
		};
/* End PBXNativeTarget section */

/* Begin PBXProject section */
		651B84E223163E3900FF6119 /* Project object */ = {
			isa = PBXProject;
			attributes = {
				LastSwiftUpdateCheck = 1020;
				LastUpgradeCheck = 1020;
				ORGANIZATIONNAME = EG;
				TargetAttributes = {
					651B84E923163E3900FF6119 = {
						CreatedOnToolsVersion = 10.2.1;
					};
				};
			};
			buildConfigurationList = 651B84E523163E3900FF6119 /* Build configuration list for PBXProject "HomeworkStoryboard" */;
			compatibilityVersion = "Xcode 9.3";
			developmentRegion = en;
			hasScannedForEncodings = 0;
			knownRegions = (
				en,
				Base,
			);
			mainGroup = 651B84E123163E3900FF6119;
			productRefGroup = 651B84EB23163E3900FF6119 /* Products */;
			projectDirPath = "";
			projectRoot = "";
			targets = (
				651B84E923163E3900FF6119 /* HomeworkStoryboard */,
			);
		};
/* End PBXProject section */

/* Begin PBXResourcesBuildPhase section */
		651B84E823163E3900FF6119 /* Resources */ = {
			isa = PBXResourcesBuildPhase;
			buildActionMask = 2147483647;
			files = (
				651B84F823163E3A00FF6119 /* LaunchScreen.storyboard in Resources */,
				651B84F523163E3A00FF6119 /* Assets.xcassets in Resources */,
				651B84F323163E3900FF6119 /* Main.storyboard in Resources */,
				651B850423164F4000FF6119 /* Detail.storyboard in Resources */,
				65144313232CC4A900931300 /* BenchMarkCollectionViewCell.xib in Resources */,
				65EE6CBA234B31C300F99BF7 /* DataStructures.storyboard in Resources */,
				651B85092316504400FF6119 /* UserCard.xib in Resources */,
			);
			runOnlyForDeploymentPostprocessing = 0;
		};
/* End PBXResourcesBuildPhase section */

/* Begin PBXSourcesBuildPhase section */
		651B84E623163E3900FF6119 /* Sources */ = {
			isa = PBXSourcesBuildPhase;
			buildActionMask = 2147483647;
			files = (
				654AE876233A4CA200B9C3DE /* PieChartView.swift in Sources */,
				656BF4A12324051E00B6DCA3 /* UIApplication.swift in Sources */,
				65EE6CA5234B313300F99BF7 /* DataStructuresViewController.swift in Sources */,
				65159E182318D49100B5E514 /* UIView.swift in Sources */,
				65EE6C8F234B2E3F00F99BF7 /* FeedData.swift in Sources */,
				656BF49B2323EC5A00B6DCA3 /* BenchmarkViewController.swift in Sources */,
				65444A2C23436476006004DA /* AlgoProvider.swift in Sources */,
				651B84F023163E3900FF6119 /* ProfileViewController.swift in Sources */,
				654AE871233A4C5700B9C3DE /* CGpoint.swift in Sources */,
				654AE86F233A4C5700B9C3DE /* CATransaction.swift in Sources */,
				656BF49D2323F5F500B6DCA3 /* NightModeBehavior.swift in Sources */,
				65EE6CB3234B315F00F99BF7 /* SwiftArrayManipulator.swift in Sources */,
				65EE6CA2234B313300F99BF7 /* ArrayViewController.swift in Sources */,
				6565858A232D5E0C00E6547D /* SomeLayout.swift in Sources */,
				653B81822383F36F00325F40 /* StringGenerator.swift in Sources */,
				6565858C232D63D800E6547D /* ListLayout.swift in Sources */,
				65658586232D554000E6547D /* BenchMarkViewModel.swift in Sources */,
				656BF49F2323FF1500B6DCA3 /* TabController.swift in Sources */,
				65144309232CBEA300931300 /* FeedViewController.swift in Sources */,
				654AE875233A4CA200B9C3DE /* SegmentLayer.swift in Sources */,
				65EE6C91234B2E9600F99BF7 /* FeedViewModel.swift in Sources */,
				651B8501231648E100FF6119 /* RoundedButton.swift in Sources */,
				65159E1B2318D64000B5E514 /* NibLoadable.swift in Sources */,
				65274C1F234AFBDD003598EE /* SuffixSequence.swift in Sources */,
				654AE870233A4C5700B9C3DE /* CGRect.swift in Sources */,
				65EE6C8E234B2E3F00F99BF7 /* FeedDataProvider.swift in Sources */,
				651B85062316502300FF6119 /* UserCard.swift in Sources */,
				65144312232CC4A900931300 /* BenchMarkCollectionViewCell.swift in Sources */,
				651B84EE23163E3900FF6119 /* AppDelegate.swift in Sources */,
				65EE6C9C234B30F300F99BF7 /* Profiler.swift in Sources */,
				656BF4942323E77E00B6DCA3 /* ViewControllerLifecycleBehavior.swift in Sources */,
				6514430E232CC12400931300 /* SessionSummaryViewController.swift in Sources */,
				656BF4992323EBDA00B6DCA3 /* RunTimerBehavior.swift in Sources */,
				65EE6CB2234B315F00F99BF7 /* ArrayManipulator.swift in Sources */,
				656BF4A3232407FE00B6DCA3 /* ThirdViewController.swift in Sources */,
			);
			runOnlyForDeploymentPostprocessing = 0;
		};
/* End PBXSourcesBuildPhase section */

/* Begin PBXVariantGroup section */
		651B84F123163E3900FF6119 /* Main.storyboard */ = {
			isa = PBXVariantGroup;
			children = (
				651B84F223163E3900FF6119 /* Base */,
			);
			name = Main.storyboard;
			sourceTree = "<group>";
		};
		651B84F623163E3A00FF6119 /* LaunchScreen.storyboard */ = {
			isa = PBXVariantGroup;
			children = (
				651B84F723163E3A00FF6119 /* Base */,
			);
			name = LaunchScreen.storyboard;
			sourceTree = "<group>";
		};
		651B850223164F4000FF6119 /* Detail.storyboard */ = {
			isa = PBXVariantGroup;
			children = (
				651B850323164F4000FF6119 /* Base */,
			);
			name = Detail.storyboard;
			sourceTree = "<group>";
		};
/* End PBXVariantGroup section */

/* Begin XCBuildConfiguration section */
		651B84FA23163E3A00FF6119 /* Debug */ = {
			isa = XCBuildConfiguration;
			buildSettings = {
				ALWAYS_SEARCH_USER_PATHS = NO;
				CLANG_ANALYZER_NONNULL = YES;
				CLANG_ANALYZER_NUMBER_OBJECT_CONVERSION = YES_AGGRESSIVE;
				CLANG_CXX_LANGUAGE_STANDARD = "gnu++14";
				CLANG_CXX_LIBRARY = "libc++";
				CLANG_ENABLE_MODULES = YES;
				CLANG_ENABLE_OBJC_ARC = YES;
				CLANG_ENABLE_OBJC_WEAK = YES;
				CLANG_WARN_BLOCK_CAPTURE_AUTORELEASING = YES;
				CLANG_WARN_BOOL_CONVERSION = YES;
				CLANG_WARN_COMMA = YES;
				CLANG_WARN_CONSTANT_CONVERSION = YES;
				CLANG_WARN_DEPRECATED_OBJC_IMPLEMENTATIONS = YES;
				CLANG_WARN_DIRECT_OBJC_ISA_USAGE = YES_ERROR;
				CLANG_WARN_DOCUMENTATION_COMMENTS = YES;
				CLANG_WARN_EMPTY_BODY = YES;
				CLANG_WARN_ENUM_CONVERSION = YES;
				CLANG_WARN_INFINITE_RECURSION = YES;
				CLANG_WARN_INT_CONVERSION = YES;
				CLANG_WARN_NON_LITERAL_NULL_CONVERSION = YES;
				CLANG_WARN_OBJC_IMPLICIT_RETAIN_SELF = YES;
				CLANG_WARN_OBJC_LITERAL_CONVERSION = YES;
				CLANG_WARN_OBJC_ROOT_CLASS = YES_ERROR;
				CLANG_WARN_RANGE_LOOP_ANALYSIS = YES;
				CLANG_WARN_STRICT_PROTOTYPES = YES;
				CLANG_WARN_SUSPICIOUS_MOVE = YES;
				CLANG_WARN_UNGUARDED_AVAILABILITY = YES_AGGRESSIVE;
				CLANG_WARN_UNREACHABLE_CODE = YES;
				CLANG_WARN__DUPLICATE_METHOD_MATCH = YES;
				CODE_SIGN_IDENTITY = "iPhone Developer";
				COPY_PHASE_STRIP = NO;
				DEBUG_INFORMATION_FORMAT = dwarf;
				ENABLE_STRICT_OBJC_MSGSEND = YES;
				ENABLE_TESTABILITY = YES;
				GCC_C_LANGUAGE_STANDARD = gnu11;
				GCC_DYNAMIC_NO_PIC = NO;
				GCC_NO_COMMON_BLOCKS = YES;
				GCC_OPTIMIZATION_LEVEL = 0;
				GCC_PREPROCESSOR_DEFINITIONS = (
					"DEBUG=1",
					"$(inherited)",
				);
				GCC_WARN_64_TO_32_BIT_CONVERSION = YES;
				GCC_WARN_ABOUT_RETURN_TYPE = YES_ERROR;
				GCC_WARN_UNDECLARED_SELECTOR = YES;
				GCC_WARN_UNINITIALIZED_AUTOS = YES_AGGRESSIVE;
				GCC_WARN_UNUSED_FUNCTION = YES;
				GCC_WARN_UNUSED_VARIABLE = YES;
				IPHONEOS_DEPLOYMENT_TARGET = 12.2;
				MTL_ENABLE_DEBUG_INFO = INCLUDE_SOURCE;
				MTL_FAST_MATH = YES;
				ONLY_ACTIVE_ARCH = YES;
				SDKROOT = iphoneos;
				SWIFT_ACTIVE_COMPILATION_CONDITIONS = DEBUG;
				SWIFT_OPTIMIZATION_LEVEL = "-Onone";
			};
			name = Debug;
		};
		651B84FB23163E3A00FF6119 /* Release */ = {
			isa = XCBuildConfiguration;
			buildSettings = {
				ALWAYS_SEARCH_USER_PATHS = NO;
				CLANG_ANALYZER_NONNULL = YES;
				CLANG_ANALYZER_NUMBER_OBJECT_CONVERSION = YES_AGGRESSIVE;
				CLANG_CXX_LANGUAGE_STANDARD = "gnu++14";
				CLANG_CXX_LIBRARY = "libc++";
				CLANG_ENABLE_MODULES = YES;
				CLANG_ENABLE_OBJC_ARC = YES;
				CLANG_ENABLE_OBJC_WEAK = YES;
				CLANG_WARN_BLOCK_CAPTURE_AUTORELEASING = YES;
				CLANG_WARN_BOOL_CONVERSION = YES;
				CLANG_WARN_COMMA = YES;
				CLANG_WARN_CONSTANT_CONVERSION = YES;
				CLANG_WARN_DEPRECATED_OBJC_IMPLEMENTATIONS = YES;
				CLANG_WARN_DIRECT_OBJC_ISA_USAGE = YES_ERROR;
				CLANG_WARN_DOCUMENTATION_COMMENTS = YES;
				CLANG_WARN_EMPTY_BODY = YES;
				CLANG_WARN_ENUM_CONVERSION = YES;
				CLANG_WARN_INFINITE_RECURSION = YES;
				CLANG_WARN_INT_CONVERSION = YES;
				CLANG_WARN_NON_LITERAL_NULL_CONVERSION = YES;
				CLANG_WARN_OBJC_IMPLICIT_RETAIN_SELF = YES;
				CLANG_WARN_OBJC_LITERAL_CONVERSION = YES;
				CLANG_WARN_OBJC_ROOT_CLASS = YES_ERROR;
				CLANG_WARN_RANGE_LOOP_ANALYSIS = YES;
				CLANG_WARN_STRICT_PROTOTYPES = YES;
				CLANG_WARN_SUSPICIOUS_MOVE = YES;
				CLANG_WARN_UNGUARDED_AVAILABILITY = YES_AGGRESSIVE;
				CLANG_WARN_UNREACHABLE_CODE = YES;
				CLANG_WARN__DUPLICATE_METHOD_MATCH = YES;
				CODE_SIGN_IDENTITY = "iPhone Developer";
				COPY_PHASE_STRIP = NO;
				DEBUG_INFORMATION_FORMAT = "dwarf-with-dsym";
				ENABLE_NS_ASSERTIONS = NO;
				ENABLE_STRICT_OBJC_MSGSEND = YES;
				GCC_C_LANGUAGE_STANDARD = gnu11;
				GCC_NO_COMMON_BLOCKS = YES;
				GCC_WARN_64_TO_32_BIT_CONVERSION = YES;
				GCC_WARN_ABOUT_RETURN_TYPE = YES_ERROR;
				GCC_WARN_UNDECLARED_SELECTOR = YES;
				GCC_WARN_UNINITIALIZED_AUTOS = YES_AGGRESSIVE;
				GCC_WARN_UNUSED_FUNCTION = YES;
				GCC_WARN_UNUSED_VARIABLE = YES;
				IPHONEOS_DEPLOYMENT_TARGET = 12.2;
				MTL_ENABLE_DEBUG_INFO = NO;
				MTL_FAST_MATH = YES;
				SDKROOT = iphoneos;
				SWIFT_COMPILATION_MODE = wholemodule;
				SWIFT_OPTIMIZATION_LEVEL = "-O";
				VALIDATE_PRODUCT = YES;
			};
			name = Release;
		};
		651B84FD23163E3A00FF6119 /* Debug */ = {
			isa = XCBuildConfiguration;
			buildSettings = {
				ASSETCATALOG_COMPILER_APPICON_NAME = AppIcon;
				CODE_SIGN_STYLE = Automatic;
				DEVELOPMENT_TEAM = 8X33342AT8;
				INFOPLIST_FILE = HomeworkStoryboard/Info.plist;
				LD_RUNPATH_SEARCH_PATHS = (
					"$(inherited)",
					"@executable_path/Frameworks",
				);
				PRODUCT_BUNDLE_IDENTIFIER = com.egushchin.HomeworkStoryboard;
				PRODUCT_NAME = "$(TARGET_NAME)";
				SWIFT_VERSION = 5.0;
				TARGETED_DEVICE_FAMILY = "1,2";
			};
			name = Debug;
		};
		651B84FE23163E3A00FF6119 /* Release */ = {
			isa = XCBuildConfiguration;
			buildSettings = {
				ASSETCATALOG_COMPILER_APPICON_NAME = AppIcon;
				CODE_SIGN_STYLE = Automatic;
				DEVELOPMENT_TEAM = 8X33342AT8;
				INFOPLIST_FILE = HomeworkStoryboard/Info.plist;
				LD_RUNPATH_SEARCH_PATHS = (
					"$(inherited)",
					"@executable_path/Frameworks",
				);
				PRODUCT_BUNDLE_IDENTIFIER = com.egushchin.HomeworkStoryboard;
				PRODUCT_NAME = "$(TARGET_NAME)";
				SWIFT_VERSION = 5.0;
				TARGETED_DEVICE_FAMILY = "1,2";
			};
			name = Release;
		};
/* End XCBuildConfiguration section */

/* Begin XCConfigurationList section */
		651B84E523163E3900FF6119 /* Build configuration list for PBXProject "HomeworkStoryboard" */ = {
			isa = XCConfigurationList;
			buildConfigurations = (
				651B84FA23163E3A00FF6119 /* Debug */,
				651B84FB23163E3A00FF6119 /* Release */,
			);
			defaultConfigurationIsVisible = 0;
			defaultConfigurationName = Release;
		};
		651B84FC23163E3A00FF6119 /* Build configuration list for PBXNativeTarget "HomeworkStoryboard" */ = {
			isa = XCConfigurationList;
			buildConfigurations = (
				651B84FD23163E3A00FF6119 /* Debug */,
				651B84FE23163E3A00FF6119 /* Release */,
			);
			defaultConfigurationIsVisible = 0;
			defaultConfigurationName = Release;
		};
/* End XCConfigurationList section */
	};
	rootObject = 651B84E223163E3900FF6119 /* Project object */;
}
