{
  "object": {
    "pins": [
      {
        "package": "MyHomeWorkUIKit",
        "repositoryURL": "git@github.com:EvgeniyGushchin/MyHomeWorkUIKit.git",
        "state": {
          "branch": "master",
          "revision": "a112a6aadaf205d3b298be3e4354e81a23f6b14a",
          "version": null
        }
      }
    ]
  },
  "version": 1
}
